PODS:
  - AFNetworking (2.5.4):
    - AFNetworking/NSURLConnection (= 2.5.4)
    - AFNetworking/NSURLSession (= 2.5.4)
    - AFNetworking/Reachability (= 2.5.4)
    - AFNetworking/Security (= 2.5.4)
    - AFNetworking/Serialization (= 2.5.4)
    - AFNetworking/UIKit (= 2.5.4)
  - AFNetworking/NSURLConnection (2.5.4):
    - AFNetworking/Reachability
    - AFNetworking/Security
    - AFNetworking/Serialization
  - AFNetworking/NSURLSession (2.5.4):
    - AFNetworking/Reachability
    - AFNetworking/Security
    - AFNetworking/Serialization
  - AFNetworking/Reachability (2.5.4)
  - AFNetworking/Security (2.5.4)
  - AFNetworking/Serialization (2.5.4)
  - AFNetworking/UIKit (2.5.4):
    - AFNetworking/NSURLConnection
    - AFNetworking/NSURLSession
  - AFNetworkingActivityLogger (3.0.1):
    - AFNetworking (~> 2.0)
  - SVProgressHUD (2.0.4)

DEPENDENCIES:
  - AFNetworking
  - AFNetworking/UIKit
  - AFNetworkingActivityLogger (from `https://github.com/RomainBoulay/AFNetworkingActivityLogger`)
  - SVProgressHUD

SPEC REPOS:
  https://github.com/cocoapods/specs.git:
    - AFNetworking
    - SVProgressHUD

EXTERNAL SOURCES:
  AFNetworkingActivityLogger:
    :git: https://github.com/RomainBoulay/AFNetworkingActivityLogger

CHECKOUT OPTIONS:
  AFNetworkingActivityLogger:
    :commit: 0cd28e0718c6ff16643a0c44412e304a28b46bb7
    :git: https://github.com/RomainBoulay/AFNetworkingActivityLogger

SPEC CHECKSUMS:
  AFNetworking: 05edc0ac4c4c8cf57bcf4b84be5b0744b6d8e71e
  AFNetworkingActivityLogger: 42859bfa5f531a224cec083b908718161b92782a
  SVProgressHUD: bfde85ed6c573ea802b9cb37894ed9b629034f1b

PODFILE CHECKSUM: cb5167c97201fd23c2a5662e933dc35858a1e0e1

COCOAPODS: 1.6.0
